
Microsoft Visual Studio Solution File, Format Version 12.00
# Visual Studio 2012
Project("{FAE04EC0-301F-11D3-BF4B-00C04F79EFBC}") = "MyGit", "MyGit.csproj", "{9216A1CF-9AD5-4C01-B22C-E27A1357B92E}"
EndProject
Global
	GlobalSection(SolutionConfigurationPlatforms) = preSolution
		Debug|Any CPU = Debug|Any CPU
		Release|Any CPU = Release|Any CPU
	EndGlobalSection
	GlobalSection(ProjectConfigurationPlatforms) = postSolution
		{9216A1CF-9AD5-4C01-B22C-E27A1357B92E}.Debug|Any CPU.ActiveCfg = Debug|Any CPU
		{9216A1CF-9AD5-4C01-B22C-E27A1357B92E}.Debug|Any CPU.Build.0 = Debug|Any CPU
		{9216A1CF-9AD5-4C01-B22C-E27A1357B92E}.Release|Any CPU.ActiveCfg = Release|Any CPU
		{9216A1CF-9AD5-4C01-B22C-E27A1357B92E}.Release|Any CPU.Build.0 = Release|Any CPU
	EndGlobalSection
	GlobalSection(SolutionProperties) = preSolution
		HideSolutionNode = FALSE
	EndGlobalSection
EndGlobal
